PODS:
  - deepar_flutter (0.0.5):
    - Flutter
  - Flutter (1.0.0)
  - open_file (0.0.1):
    - Flutter
  - permission_handler_apple (9.0.4):
    - Flutter
  - url_launcher_ios (0.0.1):
    - Flutter
  - webview_flutter_wkwebview (0.0.1):
    - Flutter

DEPENDENCIES:
  - deepar_flutter (from `.symlinks/plugins/deepar_flutter/ios`)
  - Flutter (from `Flutter`)
  - open_file (from `.symlinks/plugins/open_file/ios`)
  - permission_handler_apple (from `.symlinks/plugins/permission_handler_apple/ios`)
  - url_launcher_ios (from `.symlinks/plugins/url_launcher_ios/ios`)
  - webview_flutter_wkwebview (from `.symlinks/plugins/webview_flutter_wkwebview/ios`)

EXTERNAL SOURCES:
  deepar_flutter:
    :path: ".symlinks/plugins/deepar_flutter/ios"
  Flutter:
    :path: Flutter
  open_file:
    :path: ".symlinks/plugins/open_file/ios"
  permission_handler_apple:
    :path: ".symlinks/plugins/permission_handler_apple/ios"
  url_launcher_ios:
    :path: ".symlinks/plugins/url_launcher_ios/ios"
  webview_flutter_wkwebview:
    :path: ".symlinks/plugins/webview_flutter_wkwebview/ios"

SPEC CHECKSUMS:
  deepar_flutter: e89060abce0c460f36a0bf73802f8a5443f1fdb5
  Flutter: f04841e97a9d0b0a8025694d0796dd46242b2854
  open_file: 02eb5cb6b21264bd3a696876f5afbfb7ca4f4b7d
  permission_handler_apple: 44366e37eaf29454a1e7b1b7d736c2cceaeb17ce
  url_launcher_ios: 839c58cdb4279282219f5e248c3321761ff3c4de
  webview_flutter_wkwebview: b7e70ef1ddded7e69c796c7390ee74180182971f

PODFILE CHECKSUM: f1c8618fea2acd4d30d7decfdac7cd461f04d0d4

COCOAPODS: 1.11.3
